// !$*UTF8*$!
{
	archiveVersion = 1;
	classes = {
	};
	objectVersion = 46;
	objects = {

/* Begin PBXBuildFile section */
		B1A3740819756F6600C24CF7 /* AppDelegate.swift in Sources */ = {isa = PBXBuildFile; fileRef = B1A3740719756F6600C24CF7 /* AppDelegate.swift */; };
		B1A3740B19756F6600C24CF7 /* MediForm.xcdatamodeld in Sources */ = {isa = PBXBuildFile; fileRef = B1A3740919756F6600C24CF7 /* MediForm.xcdatamodeld */; };
		B1A3740D19756F6600C24CF7 /* PatientTableViewController.swift in Sources */ = {isa = PBXBuildFile; fileRef = B1A3740C19756F6600C24CF7 /* PatientTableViewController.swift */; };
		B1A3741019756F6600C24CF7 /* Main.storyboard in Resources */ = {isa = PBXBuildFile; fileRef = B1A3740E19756F6600C24CF7 /* Main.storyboard */; };
		B1A3741219756F6600C24CF7 /* Images.xcassets in Resources */ = {isa = PBXBuildFile; fileRef = B1A3741119756F6600C24CF7 /* Images.xcassets */; };
		B1A3741E19756F6600C24CF7 /* MediFormTests.swift in Sources */ = {isa = PBXBuildFile; fileRef = B1A3741D19756F6600C24CF7 /* MediFormTests.swift */; };
		B1A374281975750400C24CF7 /* PatientViewController.swift in Sources */ = {isa = PBXBuildFile; fileRef = B1A374271975750400C24CF7 /* PatientViewController.swift */; };
		B1A6FB161975A8C6007E24D2 /* Patient.m in Sources */ = {isa = PBXBuildFile; fileRef = B1A6FB151975A8C6007E24D2 /* Patient.m */; };
		B1A6FB181975AC54007E24D2 /* CoreDataHelper.swift in Sources */ = {isa = PBXBuildFile; fileRef = B1A6FB171975AC54007E24D2 /* CoreDataHelper.swift */; };
/* End PBXBuildFile section */

/* Begin PBXContainerItemProxy section */
		B1A3741819756F6600C24CF7 /* PBXContainerItemProxy */ = {
			isa = PBXContainerItemProxy;
			containerPortal = B1A373FA19756F6600C24CF7 /* Project object */;
			proxyType = 1;
			remoteGlobalIDString = B1A3740119756F6600C24CF7;
			remoteInfo = MediForm;
		};
/* End PBXContainerItemProxy section */

/* Begin PBXFileReference section */
		B1A3740219756F6600C24CF7 /* MediForm.app */ = {isa = PBXFileReference; explicitFileType = wrapper.application; includeInIndex = 0; path = MediForm.app; sourceTree = BUILT_PRODUCTS_DIR; };
		B1A3740619756F6600C24CF7 /* Info.plist */ = {isa = PBXFileReference; lastKnownFileType = text.plist.xml; path = Info.plist; sourceTree = "<group>"; };
		B1A3740719756F6600C24CF7 /* AppDelegate.swift */ = {isa = PBXFileReference; lastKnownFileType = sourcecode.swift; path = AppDelegate.swift; sourceTree = "<group>"; };
		B1A3740A19756F6600C24CF7 /* MediForm.xcdatamodel */ = {isa = PBXFileReference; lastKnownFileType = wrapper.xcdatamodel; path = MediForm.xcdatamodel; sourceTree = "<group>"; };
		B1A3740C19756F6600C24CF7 /* PatientTableViewController.swift */ = {isa = PBXFileReference; lastKnownFileType = sourcecode.swift; path = PatientTableViewController.swift; sourceTree = "<group>"; };
		B1A3740F19756F6600C24CF7 /* Base */ = {isa = PBXFileReference; lastKnownFileType = file.storyboard; name = Base; path = Base.lproj/Main.storyboard; sourceTree = "<group>"; };
		B1A3741119756F6600C24CF7 /* Images.xcassets */ = {isa = PBXFileReference; lastKnownFileType = folder.assetcatalog; path = Images.xcassets; sourceTree = "<group>"; };
		B1A3741719756F6600C24CF7 /* MediFormTests.xctest */ = {isa = PBXFileReference; explicitFileType = wrapper.cfbundle; includeInIndex = 0; path = MediFormTests.xctest; sourceTree = BUILT_PRODUCTS_DIR; };
		B1A3741C19756F6600C24CF7 /* Info.plist */ = {isa = PBXFileReference; lastKnownFileType = text.plist.xml; path = Info.plist; sourceTree = "<group>"; };
		B1A3741D19756F6600C24CF7 /* MediFormTests.swift */ = {isa = PBXFileReference; lastKnownFileType = sourcecode.swift; path = MediFormTests.swift; sourceTree = "<group>"; };
		B1A374271975750400C24CF7 /* PatientViewController.swift */ = {isa = PBXFileReference; fileEncoding = 4; lastKnownFileType = sourcecode.swift; path = PatientViewController.swift; sourceTree = "<group>"; };
		B1A6FB131975A8C6007E24D2 /* MediForm-Bridging-Header.h */ = {isa = PBXFileReference; lastKnownFileType = sourcecode.c.h; path = "MediForm-Bridging-Header.h"; sourceTree = "<group>"; };
		B1A6FB141975A8C6007E24D2 /* Patient.h */ = {isa = PBXFileReference; fileEncoding = 4; lastKnownFileType = sourcecode.c.h; path = Patient.h; sourceTree = "<group>"; };
		B1A6FB151975A8C6007E24D2 /* Patient.m */ = {isa = PBXFileReference; fileEncoding = 4; lastKnownFileType = sourcecode.c.objc; path = Patient.m; sourceTree = "<group>"; };
		B1A6FB171975AC54007E24D2 /* CoreDataHelper.swift */ = {isa = PBXFileReference; fileEncoding = 4; lastKnownFileType = sourcecode.swift; path = CoreDataHelper.swift; sourceTree = "<group>"; };
/* End PBXFileReference section */

/* Begin PBXFrameworksBuildPhase section */
		B1A373FF19756F6600C24CF7 /* Frameworks */ = {
			isa = PBXFrameworksBuildPhase;
			buildActionMask = 2147483647;
			files = (
			);
			runOnlyForDeploymentPostprocessing = 0;
		};
		B1A3741419756F6600C24CF7 /* Frameworks */ = {
			isa = PBXFrameworksBuildPhase;
			buildActionMask = 2147483647;
			files = (
			);
			runOnlyForDeploymentPostprocessing = 0;
		};
/* End PBXFrameworksBuildPhase section */

/* Begin PBXGroup section */
		B1A373F919756F6600C24CF7 = {
			isa = PBXGroup;
			children = (
				B1A3740419756F6600C24CF7 /* MediForm */,
				B1A3741A19756F6600C24CF7 /* MediFormTests */,
				B1A3740319756F6600C24CF7 /* Products */,
			);
			sourceTree = "<group>";
		};
		B1A3740319756F6600C24CF7 /* Products */ = {
			isa = PBXGroup;
			children = (
				B1A3740219756F6600C24CF7 /* MediForm.app */,
				B1A3741719756F6600C24CF7 /* MediFormTests.xctest */,
			);
			name = Products;
			sourceTree = "<group>";
		};
		B1A3740419756F6600C24CF7 /* MediForm */ = {
			isa = PBXGroup;
			children = (
				B1A3740719756F6600C24CF7 /* AppDelegate.swift */,
				B1A3740C19756F6600C24CF7 /* PatientTableViewController.swift */,
				B1A3740E19756F6600C24CF7 /* Main.storyboard */,
				B1A374271975750400C24CF7 /* PatientViewController.swift */,
				B1A3741119756F6600C24CF7 /* Images.xcassets */,
				B1A3740919756F6600C24CF7 /* MediForm.xcdatamodeld */,
				B1A6FB141975A8C6007E24D2 /* Patient.h */,
				B1A6FB151975A8C6007E24D2 /* Patient.m */,
				B1A3740519756F6600C24CF7 /* Supporting Files */,
				B1A6FB131975A8C6007E24D2 /* MediForm-Bridging-Header.h */,
				B1A6FB171975AC54007E24D2 /* CoreDataHelper.swift */,
			);
			path = MediForm;
			sourceTree = "<group>";
		};
		B1A3740519756F6600C24CF7 /* Supporting Files */ = {
			isa = PBXGroup;
			children = (
				B1A3740619756F6600C24CF7 /* Info.plist */,
			);
			name = "Supporting Files";
			sourceTree = "<group>";
		};
		B1A3741A19756F6600C24CF7 /* MediFormTests */ = {
			isa = PBXGroup;
			children = (
				B1A3741D19756F6600C24CF7 /* MediFormTests.swift */,
				B1A3741B19756F6600C24CF7 /* Supporting Files */,
			);
			path = MediFormTests;
			sourceTree = "<group>";
		};
		B1A3741B19756F6600C24CF7 /* Supporting Files */ = {
			isa = PBXGroup;
			children = (
				B1A3741C19756F6600C24CF7 /* Info.plist */,
			);
			name = "Supporting Files";
			sourceTree = "<group>";
		};
/* End PBXGroup section */

/* Begin PBXNativeTarget section */
		B1A3740119756F6600C24CF7 /* MediForm */ = {
			isa = PBXNativeTarget;
			buildConfigurationList = B1A3742119756F6600C24CF7 /* Build configuration list for PBXNativeTarget "MediForm" */;
			buildPhases = (
				B1A373FE19756F6600C24CF7 /* Sources */,
				B1A373FF19756F6600C24CF7 /* Frameworks */,
				B1A3740019756F6600C24CF7 /* Resources */,
			);
			buildRules = (
			);
			dependencies = (
			);
			name = MediForm;
			productName = MediForm;
			productReference = B1A3740219756F6600C24CF7 /* MediForm.app */;
			productType = "com.apple.product-type.application";
		};
		B1A3741619756F6600C24CF7 /* MediFormTests */ = {
			isa = PBXNativeTarget;
			buildConfigurationList = B1A3742419756F6600C24CF7 /* Build configuration list for PBXNativeTarget "MediFormTests" */;
			buildPhases = (
				B1A3741319756F6600C24CF7 /* Sources */,
				B1A3741419756F6600C24CF7 /* Frameworks */,
				B1A3741519756F6600C24CF7 /* Resources */,
			);
			buildRules = (
			);
			dependencies = (
				B1A3741919756F6600C24CF7 /* PBXTargetDependency */,
			);
			name = MediFormTests;
			productName = MediFormTests;
			productReference = B1A3741719756F6600C24CF7 /* MediFormTests.xctest */;
			productType = "com.apple.product-type.bundle.unit-test";
		};
/* End PBXNativeTarget section */

/* Begin PBXProject section */
		B1A373FA19756F6600C24CF7 /* Project object */ = {
			isa = PBXProject;
			attributes = {
				LastUpgradeCheck = 0600;
				ORGANIZATIONNAME = Kemtah;
				TargetAttributes = {
					B1A3740119756F6600C24CF7 = {
						CreatedOnToolsVersion = 6.0;
						DevelopmentTeam = 2Q22CZ26JS;
					};
					B1A3741619756F6600C24CF7 = {
						CreatedOnToolsVersion = 6.0;
						TestTargetID = B1A3740119756F6600C24CF7;
					};
				};
			};
			buildConfigurationList = B1A373FD19756F6600C24CF7 /* Build configuration list for PBXProject "MediForm" */;
			compatibilityVersion = "Xcode 3.2";
			developmentRegion = English;
			hasScannedForEncodings = 0;
			knownRegions = (
				en,
				Base,
			);
			mainGroup = B1A373F919756F6600C24CF7;
			productRefGroup = B1A3740319756F6600C24CF7 /* Products */;
			projectDirPath = "";
			projectRoot = "";
			targets = (
				B1A3740119756F6600C24CF7 /* MediForm */,
				B1A3741619756F6600C24CF7 /* MediFormTests */,
			);
		};
/* End PBXProject section */

/* Begin PBXResourcesBuildPhase section */
		B1A3740019756F6600C24CF7 /* Resources */ = {
			isa = PBXResourcesBuildPhase;
			buildActionMask = 2147483647;
			files = (
				B1A3741019756F6600C24CF7 /* Main.storyboard in Resources */,
				B1A3741219756F6600C24CF7 /* Images.xcassets in Resources */,
			);
			runOnlyForDeploymentPostprocessing = 0;
		};
		B1A3741519756F6600C24CF7 /* Resources */ = {
			isa = PBXResourcesBuildPhase;
			buildActionMask = 2147483647;
			files = (
			);
			runOnlyForDeploymentPostprocessing = 0;
		};
/* End PBXResourcesBuildPhase section */

/* Begin PBXSourcesBuildPhase section */
		B1A373FE19756F6600C24CF7 /* Sources */ = {
			isa = PBXSourcesBuildPhase;
			buildActionMask = 2147483647;
			files = (
				B1A6FB181975AC54007E24D2 /* CoreDataHelper.swift in Sources */,
				B1A3740D19756F6600C24CF7 /* PatientTableViewController.swift in Sources */,
				B1A3740B19756F6600C24CF7 /* MediForm.xcdatamodeld in Sources */,
				B1A6FB161975A8C6007E24D2 /* Patient.m in Sources */,
				B1A374281975750400C24CF7 /* PatientViewController.swift in Sources */,
				B1A3740819756F6600C24CF7 /* AppDelegate.swift in Sources */,
			);
			runOnlyForDeploymentPostprocessing = 0;
		};
		B1A3741319756F6600C24CF7 /* Sources */ = {
			isa = PBXSourcesBuildPhase;
			buildActionMask = 2147483647;
			files = (
				B1A3741E19756F6600C24CF7 /* MediFormTests.swift in Sources */,
			);
			runOnlyForDeploymentPostprocessing = 0;
		};
/* End PBXSourcesBuildPhase section */

/* Begin PBXTargetDependency section */
		B1A3741919756F6600C24CF7 /* PBXTargetDependency */ = {
			isa = PBXTargetDependency;
			target = B1A3740119756F6600C24CF7 /* MediForm */;
			targetProxy = B1A3741819756F6600C24CF7 /* PBXContainerItemProxy */;
		};
/* End PBXTargetDependency section */

/* Begin PBXVariantGroup section */
		B1A3740E19756F6600C24CF7 /* Main.storyboard */ = {
			isa = PBXVariantGroup;
			children = (
				B1A3740F19756F6600C24CF7 /* Base */,
			);
			name = Main.storyboard;
			sourceTree = "<group>";
		};
/* End PBXVariantGroup section */

/* Begin XCBuildConfiguration section */
		B1A3741F19756F6600C24CF7 /* Debug */ = {
			isa = XCBuildConfiguration;
			buildSettings = {
				ALWAYS_SEARCH_USER_PATHS = NO;
				CLANG_CXX_LANGUAGE_STANDARD = "gnu++0x";
				CLANG_CXX_LIBRARY = "libc++";
				CLANG_ENABLE_MODULES = YES;
				CLANG_ENABLE_OBJC_ARC = YES;
				CLANG_WARN_BOOL_CONVERSION = YES;
				CLANG_WARN_CONSTANT_CONVERSION = YES;
				CLANG_WARN_DIRECT_OBJC_ISA_USAGE = YES_ERROR;
				CLANG_WARN_EMPTY_BODY = YES;
				CLANG_WARN_ENUM_CONVERSION = YES;
				CLANG_WARN_INT_CONVERSION = YES;
				CLANG_WARN_OBJC_ROOT_CLASS = YES_ERROR;
				CLANG_WARN_UNREACHABLE_CODE = YES;
				CLANG_WARN__DUPLICATE_METHOD_MATCH = YES;
				"CODE_SIGN_IDENTITY[sdk=iphoneos*]" = "iPhone Developer";
				COPY_PHASE_STRIP = NO;
				ENABLE_STRICT_OBJC_MSGSEND = YES;
				GCC_C_LANGUAGE_STANDARD = gnu99;
				GCC_DYNAMIC_NO_PIC = NO;
				GCC_OPTIMIZATION_LEVEL = 0;
				GCC_PREPROCESSOR_DEFINITIONS = (
					"DEBUG=1",
					"$(inherited)",
				);
				GCC_SYMBOLS_PRIVATE_EXTERN = NO;
				GCC_WARN_64_TO_32_BIT_CONVERSION = YES;
				GCC_WARN_ABOUT_RETURN_TYPE = YES_ERROR;
				GCC_WARN_UNDECLARED_SELECTOR = YES;
				GCC_WARN_UNINITIALIZED_AUTOS = YES_AGGRESSIVE;
				GCC_WARN_UNUSED_FUNCTION = YES;
				GCC_WARN_UNUSED_VARIABLE = YES;
				IPHONEOS_DEPLOYMENT_TARGET = 8.0;
				METAL_ENABLE_DEBUG_INFO = YES;
				ONLY_ACTIVE_ARCH = YES;
				SDKROOT = iphoneos;
				SWIFT_OPTIMIZATION_LEVEL = "-Onone";
				TARGETED_DEVICE_FAMILY = 2;
			};
			name = Debug;
		};
		B1A3742019756F6600C24CF7 /* Release */ = {
			isa = XCBuildConfiguration;
			buildSettings = {
				ALWAYS_SEARCH_USER_PATHS = NO;
				CLANG_CXX_LANGUAGE_STANDARD = "gnu++0x";
				CLANG_CXX_LIBRARY = "libc++";
				CLANG_ENABLE_MODULES = YES;
				CLANG_ENABLE_OBJC_ARC = YES;
				CLANG_WARN_BOOL_CONVERSION = YES;
				CLANG_WARN_CONSTANT_CONVERSION = YES;
				CLANG_WARN_DIRECT_OBJC_ISA_USAGE = YES_ERROR;
				CLANG_WARN_EMPTY_BODY = YES;
				CLANG_WARN_ENUM_CONVERSION = YES;
				CLANG_WARN_INT_CONVERSION = YES;
				CLANG_WARN_OBJC_ROOT_CLASS = YES_ERROR;
				CLANG_WARN_UNREACHABLE_CODE = YES;
				CLANG_WARN__DUPLICATE_METHOD_MATCH = YES;
				"CODE_SIGN_IDENTITY[sdk=iphoneos*]" = "iPhone Developer";
				COPY_PHASE_STRIP = YES;
				ENABLE_NS_ASSERTIONS = NO;
				ENABLE_STRICT_OBJC_MSGSEND = YES;
				GCC_C_LANGUAGE_STANDARD = gnu99;
				GCC_WARN_64_TO_32_BIT_CONVERSION = YES;
				GCC_WARN_ABOUT_RETURN_TYPE = YES_ERROR;
				GCC_WARN_UNDECLARED_SELECTOR = YES;
				GCC_WARN_UNINITIALIZED_AUTOS = YES_AGGRESSIVE;
				GCC_WARN_UNUSED_FUNCTION = YES;
				GCC_WARN_UNUSED_VARIABLE = YES;
				IPHONEOS_DEPLOYMENT_TARGET = 8.0;
				METAL_ENABLE_DEBUG_INFO = NO;
				SDKROOT = iphoneos;
				TARGETED_DEVICE_FAMILY = 2;
				VALIDATE_PRODUCT = YES;
			};
			name = Release;
		};
		B1A3742219756F6600C24CF7 /* Debug */ = {
			isa = XCBuildConfiguration;
			buildSettings = {
				ASSETCATALOG_COMPILER_APPICON_NAME = AppIcon;
				ASSETCATALOG_COMPILER_LAUNCHIMAGE_NAME = LaunchImage;
				CLANG_ENABLE_MODULES = YES;
				INFOPLIST_FILE = MediForm/Info.plist;
				IPHONEOS_DEPLOYMENT_TARGET = 7.1;
				LD_RUNPATH_SEARCH_PATHS = "$(inherited) @executable_path/Frameworks";
				PRODUCT_NAME = "$(TARGET_NAME)";
				SWIFT_OBJC_BRIDGING_HEADER = "MediForm/MediForm-Bridging-Header.h";
				SWIFT_OPTIMIZATION_LEVEL = "-Onone";
			};
			name = Debug;
		};
		B1A3742319756F6600C24CF7 /* Release */ = {
			isa = XCBuildConfiguration;
			buildSettings = {
				ASSETCATALOG_COMPILER_APPICON_NAME = AppIcon;
				ASSETCATALOG_COMPILER_LAUNCHIMAGE_NAME = LaunchImage;
				CLANG_ENABLE_MODULES = YES;
				INFOPLIST_FILE = MediForm/Info.plist;
				IPHONEOS_DEPLOYMENT_TARGET = 7.1;
				LD_RUNPATH_SEARCH_PATHS = "$(inherited) @executable_path/Frameworks";
				PRODUCT_NAME = "$(TARGET_NAME)";
				SWIFT_OBJC_BRIDGING_HEADER = "MediForm/MediForm-Bridging-Header.h";
			};
			name = Release;
		};
		B1A3742519756F6600C24CF7 /* Debug */ = {
			isa = XCBuildConfiguration;
			buildSettings = {
				BUNDLE_LOADER = "$(BUILT_PRODUCTS_DIR)/MediForm.app/MediForm";
				FRAMEWORK_SEARCH_PATHS = (
					"$(SDKROOT)/Developer/Library/Frameworks",
					"$(inherited)",
				);
				GCC_PREPROCESSOR_DEFINITIONS = (
					"DEBUG=1",
					"$(inherited)",
				);
				INFOPLIST_FILE = MediFormTests/Info.plist;
				LD_RUNPATH_SEARCH_PATHS = "$(inherited) @executable_path/Frameworks @loader_path/Frameworks";
				METAL_ENABLE_DEBUG_INFO = YES;
				PRODUCT_NAME = "$(TARGET_NAME)";
				TEST_HOST = "$(BUNDLE_LOADER)";
			};
			name = Debug;
		};
		B1A3742619756F6600C24CF7 /* Release */ = {
			isa = XCBuildConfiguration;
			buildSettings = {
				BUNDLE_LOADER = "$(BUILT_PRODUCTS_DIR)/MediForm.app/MediForm";
				FRAMEWORK_SEARCH_PATHS = (
					"$(SDKROOT)/Developer/Library/Frameworks",
					"$(inherited)",
				);
				INFOPLIST_FILE = MediFormTests/Info.plist;
				LD_RUNPATH_SEARCH_PATHS = "$(inherited) @executable_path/Frameworks @loader_path/Frameworks";
				METAL_ENABLE_DEBUG_INFO = NO;
				PRODUCT_NAME = "$(TARGET_NAME)";
				TEST_HOST = "$(BUNDLE_LOADER)";
			};
			name = Release;
		};
/* End XCBuildConfiguration section */

/* Begin XCConfigurationList section */
		B1A373FD19756F6600C24CF7 /* Build configuration list for PBXProject "MediForm" */ = {
			isa = XCConfigurationList;
			buildConfigurations = (
				B1A3741F19756F6600C24CF7 /* Debug */,
				B1A3742019756F6600C24CF7 /* Release */,
			);
			defaultConfigurationIsVisible = 0;
			defaultConfigurationName = Release;
		};
		B1A3742119756F6600C24CF7 /* Build configuration list for PBXNativeTarget "MediForm" */ = {
			isa = XCConfigurationList;
			buildConfigurations = (
				B1A3742219756F6600C24CF7 /* Debug */,
				B1A3742319756F6600C24CF7 /* Release */,
			);
			defaultConfigurationIsVisible = 0;
			defaultConfigurationName = Release;
		};
		B1A3742419756F6600C24CF7 /* Build configuration list for PBXNativeTarget "MediFormTests" */ = {
			isa = XCConfigurationList;
			buildConfigurations = (
				B1A3742519756F6600C24CF7 /* Debug */,
				B1A3742619756F6600C24CF7 /* Release */,
			);
			defaultConfigurationIsVisible = 0;
			defaultConfigurationName = Release;
		};
/* End XCConfigurationList section */

/* Begin XCVersionGroup section */
		B1A3740919756F6600C24CF7 /* MediForm.xcdatamodeld */ = {
			isa = XCVersionGroup;
			children = (
				B1A3740A19756F6600C24CF7 /* MediForm.xcdatamodel */,
			);
			currentVersion = B1A3740A19756F6600C24CF7 /* MediForm.xcdatamodel */;
			path = MediForm.xcdatamodeld;
			sourceTree = "<group>";
			versionGroupType = wrapper.xcdatamodel;
		};
/* End XCVersionGroup section */
	};
	rootObject = B1A373FA19756F6600C24CF7 /* Project object */;
}
